
Microsoft Visual Studio Solution File, Format Version 12.00
Project("{FAE04EC0-301F-11D3-BF4B-00C04F79EFBC}") = "BackendLab3", "BackendLab3\BackendLab3.csproj", "{CAF6707F-EABA-447A-A13E-78CAB7A9AEAD}"
EndProject
Global
	GlobalSection(SolutionConfigurationPlatforms) = preSolution
		Debug|Any CPU = Debug|Any CPU
		Release|Any CPU = Release|Any CPU
	EndGlobalSection
	GlobalSection(ProjectConfigurationPlatforms) = postSolution
		{CAF6707F-EABA-447A-A13E-78CAB7A9AEAD}.Debug|Any CPU.ActiveCfg = Debug|Any CPU
		{CAF6707F-EABA-447A-A13E-78CAB7A9AEAD}.Debug|Any CPU.Build.0 = Debug|Any CPU
		{CAF6707F-EABA-447A-A13E-78CAB7A9AEAD}.Release|Any CPU.ActiveCfg = Release|Any CPU
		{CAF6707F-EABA-447A-A13E-78CAB7A9AEAD}.Release|Any CPU.Build.0 = Release|Any CPU
	EndGlobalSection
EndGlobal
